
Microsoft Visual Studio Solution File, Format Version 12.00
# Visual Studio 15
VisualStudioVersion = 15.0.27130.2036
MinimumVisualStudioVersion = 10.0.40219.1
Project("{FAE04EC0-301F-11D3-BF4B-00C04F79EFBC}") = "Github-Test", "Github-Test.csproj", "{AB9CEC47-7ECC-4E1D-B82A-5DA224C533DF}"
EndProject
Global
	GlobalSection(SolutionConfigurationPlatforms) = preSolution
		Debug|Any CPU = Debug|Any CPU
		Release|Any CPU = Release|Any CPU
	EndGlobalSection
	GlobalSection(ProjectConfigurationPlatforms) = postSolution
		{AB9CEC47-7ECC-4E1D-B82A-5DA224C533DF}.Debug|Any CPU.ActiveCfg = Debug|Any CPU
		{AB9CEC47-7ECC-4E1D-B82A-5DA224C533DF}.Debug|Any CPU.Build.0 = Debug|Any CPU
		{AB9CEC47-7ECC-4E1D-B82A-5DA224C533DF}.Release|Any CPU.ActiveCfg = Release|Any CPU
		{AB9CEC47-7ECC-4E1D-B82A-5DA224C533DF}.Release|Any CPU.Build.0 = Release|Any CPU
	EndGlobalSection
	GlobalSection(SolutionProperties) = preSolution
		HideSolutionNode = FALSE
	EndGlobalSection
	GlobalSection(ExtensibilityGlobals) = postSolution
		SolutionGuid = {7504F2F5-95EA-4DCA-BC19-99259113446F}
	EndGlobalSection
EndGlobal
